
Microsoft Visual Studio Solution File, Format Version 12.00
# Visual Studio Version 17
VisualStudioVersion = 17.8.34525.116
MinimumVisualStudioVersion = 10.0.40219.1
Project("{FAE04EC0-301F-11D3-BF4B-00C04F79EFBC}") = "Workaround", "Workaround\Workaround.csproj", "{9548DFDE-D3B0-41C2-85EB-73A34534E2DD}"
EndProject
Project("{FAE04EC0-301F-11D3-BF4B-00C04F79EFBC}") = "Entities", "Entities\Entities.csproj", "{0C80CD78-398B-4F92-B11E-017A38E2851D}"
EndProject
Project("{FAE04EC0-301F-11D3-BF4B-00C04F79EFBC}") = "Business", "Business\Business.csproj", "{70BDFC57-9BB4-4DF2-A23A-2D2E7D193A4E}"
EndProject
Global
	GlobalSection(SolutionConfigurationPlatforms) = preSolution
		Debug|Any CPU = Debug|Any CPU
		Release|Any CPU = Release|Any CPU
	EndGlobalSection
	GlobalSection(ProjectConfigurationPlatforms) = postSolution
		{9548DFDE-D3B0-41C2-85EB-73A34534E2DD}.Debug|Any CPU.ActiveCfg = Debug|Any CPU
		{9548DFDE-D3B0-41C2-85EB-73A34534E2DD}.Debug|Any CPU.Build.0 = Debug|Any CPU
		{9548DFDE-D3B0-41C2-85EB-73A34534E2DD}.Release|Any CPU.ActiveCfg = Release|Any CPU
		{9548DFDE-D3B0-41C2-85EB-73A34534E2DD}.Release|Any CPU.Build.0 = Release|Any CPU
		{0C80CD78-398B-4F92-B11E-017A38E2851D}.Debug|Any CPU.ActiveCfg = Debug|Any CPU
		{0C80CD78-398B-4F92-B11E-017A38E2851D}.Debug|Any CPU.Build.0 = Debug|Any CPU
		{0C80CD78-398B-4F92-B11E-017A38E2851D}.Release|Any CPU.ActiveCfg = Release|Any CPU
		{0C80CD78-398B-4F92-B11E-017A38E2851D}.Release|Any CPU.Build.0 = Release|Any CPU
		{70BDFC57-9BB4-4DF2-A23A-2D2E7D193A4E}.Debug|Any CPU.ActiveCfg = Debug|Any CPU
		{70BDFC57-9BB4-4DF2-A23A-2D2E7D193A4E}.Debug|Any CPU.Build.0 = Debug|Any CPU
		{70BDFC57-9BB4-4DF2-A23A-2D2E7D193A4E}.Release|Any CPU.ActiveCfg = Release|Any CPU
		{70BDFC57-9BB4-4DF2-A23A-2D2E7D193A4E}.Release|Any CPU.Build.0 = Release|Any CPU
	EndGlobalSection
	GlobalSection(SolutionProperties) = preSolution
		HideSolutionNode = FALSE
	EndGlobalSection
	GlobalSection(ExtensibilityGlobals) = postSolution
		SolutionGuid = {8E27DDD1-7973-4C73-8CC3-4CFE58B27878}
	EndGlobalSection
EndGlobal
